{
  "name": "pairslash",
  "version": "0.4.0",
  "lockfileVersion": 3,
  "requires": true,
  "packages": {
    "": {
      "name": "pairslash",
      "version": "0.4.0",
      "workspaces": [
        "packages/core/*",
        "packages/runtimes/codex/*",
        "packages/runtimes/copilot/*",
        "packages/tools/*"
      ],
      "dependencies": {
        "valibot": "^1.3.1",
        "yaml": "^2.8.1"
      },
      "engines": {
        "node": ">=24.0.0"
      }
    },
    "node_modules/@pairslash/cli": {
      "resolved": "packages/tools/cli",
      "link": true
    },
    "node_modules/@pairslash/compat-lab": {
      "resolved": "packages/tools/compat-lab",
      "link": true
    },
    "node_modules/@pairslash/compiler-codex": {
      "resolved": "packages/runtimes/codex/compiler",
      "link": true
    },
    "node_modules/@pairslash/compiler-copilot": {
      "resolved": "packages/runtimes/copilot/compiler",
      "link": true
    },
    "node_modules/@pairslash/contract-engine": {
      "resolved": "packages/core/contract-engine",
      "link": true
    },
    "node_modules/@pairslash/doctor": {
      "resolved": "packages/tools/doctor",
      "link": true
    },
    "node_modules/@pairslash/installer": {
      "resolved": "packages/tools/installer",
      "link": true
    },
    "node_modules/@pairslash/lint-bridge": {
      "resolved": "packages/tools/lint-bridge",
      "link": true
    },
    "node_modules/@pairslash/memory-engine": {
      "resolved": "packages/core/memory-engine",
      "link": true
    },
    "node_modules/@pairslash/policy-engine": {
      "resolved": "packages/core/policy-engine",
      "link": true
    },
    "node_modules/@pairslash/runtime-codex-adapter": {
      "resolved": "packages/runtimes/codex/adapter",
      "link": true
    },
    "node_modules/@pairslash/runtime-copilot-adapter": {
      "resolved": "packages/runtimes/copilot/adapter",
      "link": true
    },
    "node_modules/@pairslash/spec-core": {
      "resolved": "packages/core/spec-core",
      "link": true
    },
    "node_modules/valibot": {
      "version": "1.3.1",
      "resolved": "https://registry.npmjs.org/valibot/-/valibot-1.3.1.tgz",
      "integrity": "sha512-sfdRir/QFM0JaF22hqTroPc5xy4DimuGQVKFrzF1YfGwaS1nJot3Y8VqMdLO2Lg27fMzat2yD3pY5PbAYO39Gg==",
      "license": "MIT",
      "peerDependencies": {
        "typescript": ">=5"
      },
      "peerDependenciesMeta": {
        "typescript": {
          "optional": true
        }
      }
    },
    "node_modules/yaml": {
      "version": "2.8.3",
      "resolved": "https://registry.npmjs.org/yaml/-/yaml-2.8.3.tgz",
      "integrity": "sha512-AvbaCLOO2Otw/lW5bmh9d/WEdcDFdQp2Z2ZUH3pX9U2ihyUY0nvLv7J6TrWowklRGPYbB/IuIMfYgxaCPg5Bpg==",
      "license": "ISC",
      "bin": {
        "yaml": "bin.mjs"
      },
      "engines": {
        "node": ">= 14.6"
      },
      "funding": {
        "url": "https://github.com/sponsors/eemeli"
      }
    },
    "packages/cli": {
      "name": "@pairslash/cli",
      "version": "0.4.0",
      "extraneous": true,
      "dependencies": {
        "@pairslash/compiler-codex": "file:../compiler-codex",
        "@pairslash/compiler-copilot": "file:../compiler-copilot",
        "@pairslash/doctor": "file:../doctor",
        "@pairslash/installer": "file:../installer",
        "@pairslash/lint-bridge": "file:../lint-bridge",
        "@pairslash/memory-engine": "file:../memory-engine",
        "@pairslash/spec-core": "file:../spec-core"
      },
      "bin": {
        "pairslash": "src/bin/pairslash.js"
      }
    },
    "packages/compat-lab": {
      "name": "@pairslash/compat-lab",
      "version": "0.4.0",
      "extraneous": true,
      "dependencies": {
        "@pairslash/compiler-codex": "file:../compiler-codex",
        "@pairslash/compiler-copilot": "file:../compiler-copilot",
        "@pairslash/doctor": "file:../doctor",
        "@pairslash/installer": "file:../installer",
        "@pairslash/spec-core": "file:../spec-core"
      }
    },
    "packages/compiler-codex": {
      "name": "@pairslash/compiler-codex",
      "version": "0.4.0",
      "extraneous": true,
      "dependencies": {
        "@pairslash/runtime-codex-adapter": "file:../runtime-codex-adapter",
        "@pairslash/spec-core": "file:../spec-core"
      }
    },
    "packages/compiler-copilot": {
      "name": "@pairslash/compiler-copilot",
      "version": "0.4.0",
      "extraneous": true,
      "dependencies": {
        "@pairslash/runtime-copilot-adapter": "file:../runtime-copilot-adapter",
        "@pairslash/spec-core": "file:../spec-core"
      }
    },
    "packages/contract-engine": {
      "name": "@pairslash/contract-engine",
      "version": "0.5.0",
      "extraneous": true,
      "dependencies": {
        "@pairslash/runtime-codex-adapter": "file:../runtime-codex-adapter",
        "@pairslash/runtime-copilot-adapter": "file:../runtime-copilot-adapter",
        "@pairslash/spec-core": "file:../spec-core"
      }
    },
    "packages/core/contract-engine": {
      "name": "@pairslash/contract-engine",
      "version": "0.5.0",
      "dependencies": {
        "@pairslash/spec-core": "file:../spec-core"
      }
    },
    "packages/core/memory-engine": {
      "name": "@pairslash/memory-engine",
      "version": "0.5.0",
      "dependencies": {
        "@pairslash/contract-engine": "file:../contract-engine",
        "@pairslash/policy-engine": "file:../policy-engine",
        "@pairslash/spec-core": "file:../spec-core",
        "yaml": "^2.8.1"
      }
    },
    "packages/core/policy-engine": {
      "name": "@pairslash/policy-engine",
      "version": "0.5.0",
      "dependencies": {
        "@pairslash/spec-core": "file:../spec-core"
      }
    },
    "packages/core/spec-core": {
      "name": "@pairslash/spec-core",
      "version": "0.4.0",
      "dependencies": {
        "valibot": "^1.3.1"
      }
    },
    "packages/doctor": {
      "name": "@pairslash/doctor",
      "version": "0.4.0",
      "extraneous": true,
      "dependencies": {
        "@pairslash/installer": "file:../installer",
        "@pairslash/runtime-codex-adapter": "file:../runtime-codex-adapter",
        "@pairslash/runtime-copilot-adapter": "file:../runtime-copilot-adapter",
        "@pairslash/spec-core": "file:../spec-core"
      }
    },
    "packages/installer": {
      "name": "@pairslash/installer",
      "version": "0.4.0",
      "extraneous": true,
      "dependencies": {
        "@pairslash/compiler-codex": "file:../compiler-codex",
        "@pairslash/compiler-copilot": "file:../compiler-copilot",
        "@pairslash/lint-bridge": "file:../lint-bridge",
        "@pairslash/runtime-codex-adapter": "file:../runtime-codex-adapter",
        "@pairslash/runtime-copilot-adapter": "file:../runtime-copilot-adapter",
        "@pairslash/spec-core": "file:../spec-core"
      }
    },
    "packages/lint-bridge": {
      "name": "@pairslash/lint-bridge",
      "version": "0.4.0",
      "extraneous": true,
      "dependencies": {
        "@pairslash/compiler-codex": "file:../compiler-codex",
        "@pairslash/compiler-copilot": "file:../compiler-copilot",
        "@pairslash/contract-engine": "file:../contract-engine",
        "@pairslash/policy-engine": "file:../policy-engine",
        "@pairslash/runtime-codex-adapter": "file:../runtime-codex-adapter",
        "@pairslash/runtime-copilot-adapter": "file:../runtime-copilot-adapter",
        "@pairslash/spec-core": "file:../spec-core"
      }
    },
    "packages/memory-engine": {
      "name": "@pairslash/memory-engine",
      "version": "0.5.0",
      "extraneous": true,
      "dependencies": {
        "@pairslash/contract-engine": "file:../contract-engine",
        "@pairslash/policy-engine": "file:../policy-engine",
        "@pairslash/spec-core": "file:../spec-core",
        "yaml": "^2.8.1"
      }
    },
    "packages/policy-engine": {
      "name": "@pairslash/policy-engine",
      "version": "0.5.0",
      "extraneous": true,
      "dependencies": {
        "@pairslash/spec-core": "file:../spec-core"
      }
    },
    "packages/runtime-codex-adapter": {
      "name": "@pairslash/runtime-codex-adapter",
      "version": "0.4.0",
      "extraneous": true
    },
    "packages/runtime-copilot-adapter": {
      "name": "@pairslash/runtime-copilot-adapter",
      "version": "0.4.0",
      "extraneous": true
    },
    "packages/runtimes/codex/adapter": {
      "name": "@pairslash/runtime-codex-adapter",
      "version": "0.4.0"
    },
    "packages/runtimes/codex/compiler": {
      "name": "@pairslash/compiler-codex",
      "version": "0.4.0",
      "dependencies": {
        "@pairslash/runtime-codex-adapter": "file:../adapter",
        "@pairslash/spec-core": "file:../../../core/spec-core"
      }
    },
    "packages/runtimes/copilot/adapter": {
      "name": "@pairslash/runtime-copilot-adapter",
      "version": "0.4.0"
    },
    "packages/runtimes/copilot/compiler": {
      "name": "@pairslash/compiler-copilot",
      "version": "0.4.0",
      "dependencies": {
        "@pairslash/runtime-copilot-adapter": "file:../adapter",
        "@pairslash/spec-core": "file:../../../core/spec-core"
      }
    },
    "packages/spec-core": {
      "name": "@pairslash/spec-core",
      "version": "0.4.0",
      "extraneous": true,
      "dependencies": {
        "valibot": "^1.3.1"
      }
    },
    "packages/tools/cli": {
      "name": "@pairslash/cli",
      "version": "0.4.0",
      "dependencies": {
        "@pairslash/compiler-codex": "file:../../runtimes/codex/compiler",
        "@pairslash/compiler-copilot": "file:../../runtimes/copilot/compiler",
        "@pairslash/doctor": "file:../doctor",
        "@pairslash/installer": "file:../installer",
        "@pairslash/lint-bridge": "file:../lint-bridge",
        "@pairslash/memory-engine": "file:../../core/memory-engine",
        "@pairslash/spec-core": "file:../../core/spec-core"
      },
      "bin": {
        "pairslash": "src/bin/pairslash.js"
      }
    },
    "packages/tools/compat-lab": {
      "name": "@pairslash/compat-lab",
      "version": "0.4.0",
      "dependencies": {
        "@pairslash/compiler-codex": "file:../../runtimes/codex/compiler",
        "@pairslash/compiler-copilot": "file:../../runtimes/copilot/compiler",
        "@pairslash/doctor": "file:../doctor",
        "@pairslash/installer": "file:../installer",
        "@pairslash/spec-core": "file:../../core/spec-core"
      }
    },
    "packages/tools/doctor": {
      "name": "@pairslash/doctor",
      "version": "0.4.0",
      "dependencies": {
        "@pairslash/installer": "file:../installer",
        "@pairslash/runtime-codex-adapter": "file:../../runtimes/codex/adapter",
        "@pairslash/runtime-copilot-adapter": "file:../../runtimes/copilot/adapter",
        "@pairslash/spec-core": "file:../../core/spec-core"
      }
    },
    "packages/tools/installer": {
      "name": "@pairslash/installer",
      "version": "0.4.0",
      "dependencies": {
        "@pairslash/compiler-codex": "file:../../runtimes/codex/compiler",
        "@pairslash/compiler-copilot": "file:../../runtimes/copilot/compiler",
        "@pairslash/lint-bridge": "file:../lint-bridge",
        "@pairslash/runtime-codex-adapter": "file:../../runtimes/codex/adapter",
        "@pairslash/runtime-copilot-adapter": "file:../../runtimes/copilot/adapter",
        "@pairslash/spec-core": "file:../../core/spec-core"
      }
    },
    "packages/tools/lint-bridge": {
      "name": "@pairslash/lint-bridge",
      "version": "0.4.0",
      "dependencies": {
        "@pairslash/compiler-codex": "file:../../runtimes/codex/compiler",
        "@pairslash/compiler-copilot": "file:../../runtimes/copilot/compiler",
        "@pairslash/contract-engine": "file:../../core/contract-engine",
        "@pairslash/policy-engine": "file:../../core/policy-engine",
        "@pairslash/runtime-codex-adapter": "file:../../runtimes/codex/adapter",
        "@pairslash/runtime-copilot-adapter": "file:../../runtimes/copilot/adapter",
        "@pairslash/spec-core": "file:../../core/spec-core"
      }
    }
  }
}
